
Microsoft Visual Studio Solution File, Format Version 12.00
# Visual Studio Version 17
VisualStudioVersion = 17.14.36414.22 d17.14
MinimumVisualStudioVersion = 10.0.40219.1
Project("{54A90642-561A-4BB1-A94E-469ADEE60C69}") = "pc_rental_db_09_04_06_16.client", "pc_rental_db_09_04_06_16.client\pc_rental_db_09_04_06_16.client.esproj", "{80EA154D-A814-3771-1BC1-F7A108604AB3}"
EndProject
Project("{FAE04EC0-301F-11D3-BF4B-00C04F79EFBC}") = "PC_Rental_DB_09_04_06_16.Server", "PC_Rental_DB_09_04_06_16.Server\PC_Rental_DB_09_04_06_16.Server.csproj", "{05576F8E-1B22-44BE-B759-3544BFB04F77}"
EndProject
Global
	GlobalSection(SolutionConfigurationPlatforms) = preSolution
		Debug|Any CPU = Debug|Any CPU
		Release|Any CPU = Release|Any CPU
	EndGlobalSection
	GlobalSection(ProjectConfigurationPlatforms) = postSolution
		{80EA154D-A814-3771-1BC1-F7A108604AB3}.Debug|Any CPU.ActiveCfg = Debug|Any CPU
		{80EA154D-A814-3771-1BC1-F7A108604AB3}.Debug|Any CPU.Build.0 = Debug|Any CPU
		{80EA154D-A814-3771-1BC1-F7A108604AB3}.Debug|Any CPU.Deploy.0 = Debug|Any CPU
		{80EA154D-A814-3771-1BC1-F7A108604AB3}.Release|Any CPU.ActiveCfg = Release|Any CPU
		{80EA154D-A814-3771-1BC1-F7A108604AB3}.Release|Any CPU.Build.0 = Release|Any CPU
		{80EA154D-A814-3771-1BC1-F7A108604AB3}.Release|Any CPU.Deploy.0 = Release|Any CPU
		{05576F8E-1B22-44BE-B759-3544BFB04F77}.Debug|Any CPU.ActiveCfg = Debug|Any CPU
		{05576F8E-1B22-44BE-B759-3544BFB04F77}.Debug|Any CPU.Build.0 = Debug|Any CPU
		{05576F8E-1B22-44BE-B759-3544BFB04F77}.Release|Any CPU.ActiveCfg = Release|Any CPU
		{05576F8E-1B22-44BE-B759-3544BFB04F77}.Release|Any CPU.Build.0 = Release|Any CPU
	EndGlobalSection
	GlobalSection(SolutionProperties) = preSolution
		HideSolutionNode = FALSE
	EndGlobalSection
	GlobalSection(ExtensibilityGlobals) = postSolution
		SolutionGuid = {691CDC5D-A40E-4A09-BA3E-1B92F246EEB7}
	EndGlobalSection
EndGlobal
